// !$*UTF8*$!
{
	archiveVersion = 1;
	classes = {
	};
	objectVersion = 56;
	objects = {

/* Begin PBXBuildFile section */
		FF52ABC32BBE7B3100FBF9DB /* MenuHeaderView.swift in Sources */ = {isa = PBXBuildFile; fileRef = FF52ABC22BBE7B3100FBF9DB /* MenuHeaderView.swift */; };
		FF52ABC52BBE903700FBF9DB /* TeamsView.swift in Sources */ = {isa = PBXBuildFile; fileRef = FF52ABC42BBE903700FBF9DB /* TeamsView.swift */; };
		FF52ABC72BBE903F00FBF9DB /* MatchesView.swift in Sources */ = {isa = PBXBuildFile; fileRef = FF52ABC62BBE903F00FBF9DB /* MatchesView.swift */; };
		FF52ABC92BBE904600FBF9DB /* NewsView.swift in Sources */ = {isa = PBXBuildFile; fileRef = FF52ABC82BBE904600FBF9DB /* NewsView.swift */; };
		FF52ABCB2BBE916400FBF9DB /* TeamsMenuView.swift in Sources */ = {isa = PBXBuildFile; fileRef = FF52ABCA2BBE916400FBF9DB /* TeamsMenuView.swift */; };
		FF52ABCD2BBE921800FBF9DB /* MatchesMenuView.swift in Sources */ = {isa = PBXBuildFile; fileRef = FF52ABCC2BBE921800FBF9DB /* MatchesMenuView.swift */; };
		FF52ABCF2BBE92B800FBF9DB /* NewsMenuView.swift in Sources */ = {isa = PBXBuildFile; fileRef = FF52ABCE2BBE92B800FBF9DB /* NewsMenuView.swift */; };
		FF52ABD22BBE997300FBF9DB /* matchData.json in Resources */ = {isa = PBXBuildFile; fileRef = FF52ABD12BBE997300FBF9DB /* matchData.json */; };
		FF52ABD42BBE9F6200FBF9DB /* Match.swift in Sources */ = {isa = PBXBuildFile; fileRef = FF52ABD32BBE9F6200FBF9DB /* Match.swift */; };
		FF52ABD62BBEA02300FBF9DB /* MatchData.swift in Sources */ = {isa = PBXBuildFile; fileRef = FF52ABD52BBEA02300FBF9DB /* MatchData.swift */; };
		FF52ABD82BBEA1F200FBF9DB /* MatchRowView.swift in Sources */ = {isa = PBXBuildFile; fileRef = FF52ABD72BBEA1F200FBF9DB /* MatchRowView.swift */; };
		FFCEA7352BBE0B0100FF31E4 /* MRAFCApp.swift in Sources */ = {isa = PBXBuildFile; fileRef = FFCEA7342BBE0B0100FF31E4 /* MRAFCApp.swift */; };
		FFCEA7372BBE0B0100FF31E4 /* ContentView.swift in Sources */ = {isa = PBXBuildFile; fileRef = FFCEA7362BBE0B0100FF31E4 /* ContentView.swift */; };
		FFCEA7392BBE0B0200FF31E4 /* Assets.xcassets in Resources */ = {isa = PBXBuildFile; fileRef = FFCEA7382BBE0B0200FF31E4 /* Assets.xcassets */; };
		FFCEA73C2BBE0B0200FF31E4 /* Preview Assets.xcassets in Resources */ = {isa = PBXBuildFile; fileRef = FFCEA73B2BBE0B0200FF31E4 /* Preview Assets.xcassets */; };
		FFCEA7462BBE0E4100FF31E4 /* StartupLoadingView.swift in Sources */ = {isa = PBXBuildFile; fileRef = FFCEA7452BBE0E4100FF31E4 /* StartupLoadingView.swift */; };
		FFCEA7482BBE2B8F00FF31E4 /* HomeView.swift in Sources */ = {isa = PBXBuildFile; fileRef = FFCEA7472BBE2B8F00FF31E4 /* HomeView.swift */; };
		FFCEA74C2BBE433E00FF31E4 /* MenuView.swift in Sources */ = {isa = PBXBuildFile; fileRef = FFCEA74B2BBE433E00FF31E4 /* MenuView.swift */; };
		FFCEA74E2BBE4F4200FF31E4 /* HomeHeaderView.swift in Sources */ = {isa = PBXBuildFile; fileRef = FFCEA74D2BBE4F4200FF31E4 /* HomeHeaderView.swift */; };
/* End PBXBuildFile section */

/* Begin PBXFileReference section */
		FF52ABC22BBE7B3100FBF9DB /* MenuHeaderView.swift */ = {isa = PBXFileReference; lastKnownFileType = sourcecode.swift; path = MenuHeaderView.swift; sourceTree = "<group>"; };
		FF52ABC42BBE903700FBF9DB /* TeamsView.swift */ = {isa = PBXFileReference; lastKnownFileType = sourcecode.swift; path = TeamsView.swift; sourceTree = "<group>"; };
		FF52ABC62BBE903F00FBF9DB /* MatchesView.swift */ = {isa = PBXFileReference; lastKnownFileType = sourcecode.swift; path = MatchesView.swift; sourceTree = "<group>"; };
		FF52ABC82BBE904600FBF9DB /* NewsView.swift */ = {isa = PBXFileReference; lastKnownFileType = sourcecode.swift; path = NewsView.swift; sourceTree = "<group>"; };
		FF52ABCA2BBE916400FBF9DB /* TeamsMenuView.swift */ = {isa = PBXFileReference; lastKnownFileType = sourcecode.swift; path = TeamsMenuView.swift; sourceTree = "<group>"; };
		FF52ABCC2BBE921800FBF9DB /* MatchesMenuView.swift */ = {isa = PBXFileReference; lastKnownFileType = sourcecode.swift; path = MatchesMenuView.swift; sourceTree = "<group>"; };
		FF52ABCE2BBE92B800FBF9DB /* NewsMenuView.swift */ = {isa = PBXFileReference; lastKnownFileType = sourcecode.swift; path = NewsMenuView.swift; sourceTree = "<group>"; };
		FF52ABD12BBE997300FBF9DB /* matchData.json */ = {isa = PBXFileReference; lastKnownFileType = text.json; path = matchData.json; sourceTree = "<group>"; };
		FF52ABD32BBE9F6200FBF9DB /* Match.swift */ = {isa = PBXFileReference; lastKnownFileType = sourcecode.swift; path = Match.swift; sourceTree = "<group>"; };
		FF52ABD52BBEA02300FBF9DB /* MatchData.swift */ = {isa = PBXFileReference; lastKnownFileType = sourcecode.swift; path = MatchData.swift; sourceTree = "<group>"; };
		FF52ABD72BBEA1F200FBF9DB /* MatchRowView.swift */ = {isa = PBXFileReference; lastKnownFileType = sourcecode.swift; path = MatchRowView.swift; sourceTree = "<group>"; };
		FFCEA7312BBE0B0100FF31E4 /* MRAFC.app */ = {isa = PBXFileReference; explicitFileType = wrapper.application; includeInIndex = 0; path = MRAFC.app; sourceTree = BUILT_PRODUCTS_DIR; };
		FFCEA7342BBE0B0100FF31E4 /* MRAFCApp.swift */ = {isa = PBXFileReference; lastKnownFileType = sourcecode.swift; path = MRAFCApp.swift; sourceTree = "<group>"; };
		FFCEA7362BBE0B0100FF31E4 /* ContentView.swift */ = {isa = PBXFileReference; lastKnownFileType = sourcecode.swift; path = ContentView.swift; sourceTree = "<group>"; };
		FFCEA7382BBE0B0200FF31E4 /* Assets.xcassets */ = {isa = PBXFileReference; lastKnownFileType = folder.assetcatalog; path = Assets.xcassets; sourceTree = "<group>"; };
		FFCEA73B2BBE0B0200FF31E4 /* Preview Assets.xcassets */ = {isa = PBXFileReference; lastKnownFileType = folder.assetcatalog; path = "Preview Assets.xcassets"; sourceTree = "<group>"; };
		FFCEA7452BBE0E4100FF31E4 /* StartupLoadingView.swift */ = {isa = PBXFileReference; lastKnownFileType = sourcecode.swift; path = StartupLoadingView.swift; sourceTree = "<group>"; };
		FFCEA7472BBE2B8F00FF31E4 /* HomeView.swift */ = {isa = PBXFileReference; lastKnownFileType = sourcecode.swift; path = HomeView.swift; sourceTree = "<group>"; };
		FFCEA74B2BBE433E00FF31E4 /* MenuView.swift */ = {isa = PBXFileReference; lastKnownFileType = sourcecode.swift; path = MenuView.swift; sourceTree = "<group>"; };
		FFCEA74D2BBE4F4200FF31E4 /* HomeHeaderView.swift */ = {isa = PBXFileReference; lastKnownFileType = sourcecode.swift; path = HomeHeaderView.swift; sourceTree = "<group>"; };
/* End PBXFileReference section */

/* Begin PBXFrameworksBuildPhase section */
		FFCEA72E2BBE0B0100FF31E4 /* Frameworks */ = {
			isa = PBXFrameworksBuildPhase;
			buildActionMask = 2147483647;
			files = (
			);
			runOnlyForDeploymentPostprocessing = 0;
		};
/* End PBXFrameworksBuildPhase section */

/* Begin PBXGroup section */
		FF52ABD02BBE992900FBF9DB /* Resources */ = {
			isa = PBXGroup;
			children = (
				FF52ABD12BBE997300FBF9DB /* matchData.json */,
			);
			path = Resources;
			sourceTree = "<group>";
		};
		FFCEA7282BBE0B0100FF31E4 = {
			isa = PBXGroup;
			children = (
				FFCEA7332BBE0B0100FF31E4 /* MRAFC */,
				FFCEA7322BBE0B0100FF31E4 /* Products */,
			);
			sourceTree = "<group>";
		};
		FFCEA7322BBE0B0100FF31E4 /* Products */ = {
			isa = PBXGroup;
			children = (
				FFCEA7312BBE0B0100FF31E4 /* MRAFC.app */,
			);
			name = Products;
			sourceTree = "<group>";
		};
		FFCEA7332BBE0B0100FF31E4 /* MRAFC */ = {
			isa = PBXGroup;
			children = (
				FFCEA7342BBE0B0100FF31E4 /* MRAFCApp.swift */,
				FFCEA7422BBE0BDC00FF31E4 /* Views */,
				FFCEA74A2BBE2CF700FF31E4 /* Models */,
				FF52ABD02BBE992900FBF9DB /* Resources */,
				FFCEA7382BBE0B0200FF31E4 /* Assets.xcassets */,
				FFCEA73A2BBE0B0200FF31E4 /* Preview Content */,
			);
			path = MRAFC;
			sourceTree = "<group>";
		};
		FFCEA73A2BBE0B0200FF31E4 /* Preview Content */ = {
			isa = PBXGroup;
			children = (
				FFCEA73B2BBE0B0200FF31E4 /* Preview Assets.xcassets */,
			);
			path = "Preview Content";
			sourceTree = "<group>";
		};
		FFCEA7422BBE0BDC00FF31E4 /* Views */ = {
			isa = PBXGroup;
			children = (
				FFCEA7362BBE0B0100FF31E4 /* ContentView.swift */,
				FFCEA7452BBE0E4100FF31E4 /* StartupLoadingView.swift */,
				FFCEA7472BBE2B8F00FF31E4 /* HomeView.swift */,
				FFCEA74B2BBE433E00FF31E4 /* MenuView.swift */,
				FFCEA74D2BBE4F4200FF31E4 /* HomeHeaderView.swift */,
				FF52ABC22BBE7B3100FBF9DB /* MenuHeaderView.swift */,
				FF52ABC42BBE903700FBF9DB /* TeamsView.swift */,
				FF52ABC62BBE903F00FBF9DB /* MatchesView.swift */,
				FF52ABC82BBE904600FBF9DB /* NewsView.swift */,
				FF52ABCA2BBE916400FBF9DB /* TeamsMenuView.swift */,
				FF52ABCC2BBE921800FBF9DB /* MatchesMenuView.swift */,
				FF52ABCE2BBE92B800FBF9DB /* NewsMenuView.swift */,
				FF52ABD72BBEA1F200FBF9DB /* MatchRowView.swift */,
			);
			path = Views;
			sourceTree = "<group>";
		};
		FFCEA74A2BBE2CF700FF31E4 /* Models */ = {
			isa = PBXGroup;
			children = (
				FF52ABD32BBE9F6200FBF9DB /* Match.swift */,
				FF52ABD52BBEA02300FBF9DB /* MatchData.swift */,
			);
			path = Models;
			sourceTree = "<group>";
		};
/* End PBXGroup section */

/* Begin PBXNativeTarget section */
		FFCEA7302BBE0B0100FF31E4 /* MRAFC */ = {
			isa = PBXNativeTarget;
			buildConfigurationList = FFCEA73F2BBE0B0200FF31E4 /* Build configuration list for PBXNativeTarget "MRAFC" */;
			buildPhases = (
				FFCEA72D2BBE0B0100FF31E4 /* Sources */,
				FFCEA72E2BBE0B0100FF31E4 /* Frameworks */,
				FFCEA72F2BBE0B0100FF31E4 /* Resources */,
			);
			buildRules = (
			);
			dependencies = (
			);
			name = MRAFC;
			productName = MRAFC;
			productReference = FFCEA7312BBE0B0100FF31E4 /* MRAFC.app */;
			productType = "com.apple.product-type.application";
		};
/* End PBXNativeTarget section */

/* Begin PBXProject section */
		FFCEA7292BBE0B0100FF31E4 /* Project object */ = {
			isa = PBXProject;
			attributes = {
				BuildIndependentTargetsInParallel = 1;
				LastSwiftUpdateCheck = 1430;
				LastUpgradeCheck = 1430;
				TargetAttributes = {
					FFCEA7302BBE0B0100FF31E4 = {
						CreatedOnToolsVersion = 14.3.1;
					};
				};
			};
			buildConfigurationList = FFCEA72C2BBE0B0100FF31E4 /* Build configuration list for PBXProject "MRAFC" */;
			compatibilityVersion = "Xcode 14.0";
			developmentRegion = en;
			hasScannedForEncodings = 0;
			knownRegions = (
				en,
				Base,
			);
			mainGroup = FFCEA7282BBE0B0100FF31E4;
			productRefGroup = FFCEA7322BBE0B0100FF31E4 /* Products */;
			projectDirPath = "";
			projectRoot = "";
			targets = (
				FFCEA7302BBE0B0100FF31E4 /* MRAFC */,
			);
		};
/* End PBXProject section */

/* Begin PBXResourcesBuildPhase section */
		FFCEA72F2BBE0B0100FF31E4 /* Resources */ = {
			isa = PBXResourcesBuildPhase;
			buildActionMask = 2147483647;
			files = (
				FF52ABD22BBE997300FBF9DB /* matchData.json in Resources */,
				FFCEA73C2BBE0B0200FF31E4 /* Preview Assets.xcassets in Resources */,
				FFCEA7392BBE0B0200FF31E4 /* Assets.xcassets in Resources */,
			);
			runOnlyForDeploymentPostprocessing = 0;
		};
/* End PBXResourcesBuildPhase section */

/* Begin PBXSourcesBuildPhase section */
		FFCEA72D2BBE0B0100FF31E4 /* Sources */ = {
			isa = PBXSourcesBuildPhase;
			buildActionMask = 2147483647;
			files = (
				FF52ABCF2BBE92B800FBF9DB /* NewsMenuView.swift in Sources */,
				FFCEA74E2BBE4F4200FF31E4 /* HomeHeaderView.swift in Sources */,
				FFCEA74C2BBE433E00FF31E4 /* MenuView.swift in Sources */,
				FF52ABCB2BBE916400FBF9DB /* TeamsMenuView.swift in Sources */,
				FFCEA7372BBE0B0100FF31E4 /* ContentView.swift in Sources */,
				FF52ABC92BBE904600FBF9DB /* NewsView.swift in Sources */,
				FF52ABCD2BBE921800FBF9DB /* MatchesMenuView.swift in Sources */,
				FFCEA7482BBE2B8F00FF31E4 /* HomeView.swift in Sources */,
				FF52ABC72BBE903F00FBF9DB /* MatchesView.swift in Sources */,
				FF52ABD62BBEA02300FBF9DB /* MatchData.swift in Sources */,
				FF52ABC32BBE7B3100FBF9DB /* MenuHeaderView.swift in Sources */,
				FFCEA7462BBE0E4100FF31E4 /* StartupLoadingView.swift in Sources */,
				FFCEA7352BBE0B0100FF31E4 /* MRAFCApp.swift in Sources */,
				FF52ABD82BBEA1F200FBF9DB /* MatchRowView.swift in Sources */,
				FF52ABC52BBE903700FBF9DB /* TeamsView.swift in Sources */,
				FF52ABD42BBE9F6200FBF9DB /* Match.swift in Sources */,
			);
			runOnlyForDeploymentPostprocessing = 0;
		};
/* End PBXSourcesBuildPhase section */

/* Begin XCBuildConfiguration section */
		FFCEA73D2BBE0B0200FF31E4 /* Debug */ = {
			isa = XCBuildConfiguration;
			buildSettings = {
				ALWAYS_SEARCH_USER_PATHS = NO;
				CLANG_ANALYZER_NONNULL = YES;
				CLANG_ANALYZER_NUMBER_OBJECT_CONVERSION = YES_AGGRESSIVE;
				CLANG_CXX_LANGUAGE_STANDARD = "gnu++20";
				CLANG_ENABLE_MODULES = YES;
				CLANG_ENABLE_OBJC_ARC = YES;
				CLANG_ENABLE_OBJC_WEAK = YES;
				CLANG_WARN_BLOCK_CAPTURE_AUTORELEASING = YES;
				CLANG_WARN_BOOL_CONVERSION = YES;
				CLANG_WARN_COMMA = YES;
				CLANG_WARN_CONSTANT_CONVERSION = YES;
				CLANG_WARN_DEPRECATED_OBJC_IMPLEMENTATIONS = YES;
				CLANG_WARN_DIRECT_OBJC_ISA_USAGE = YES_ERROR;
				CLANG_WARN_DOCUMENTATION_COMMENTS = YES;
				CLANG_WARN_EMPTY_BODY = YES;
				CLANG_WARN_ENUM_CONVERSION = YES;
				CLANG_WARN_INFINITE_RECURSION = YES;
				CLANG_WARN_INT_CONVERSION = YES;
				CLANG_WARN_NON_LITERAL_NULL_CONVERSION = YES;
				CLANG_WARN_OBJC_IMPLICIT_RETAIN_SELF = YES;
				CLANG_WARN_OBJC_LITERAL_CONVERSION = YES;
				CLANG_WARN_OBJC_ROOT_CLASS = YES_ERROR;
				CLANG_WARN_QUOTED_INCLUDE_IN_FRAMEWORK_HEADER = YES;
				CLANG_WARN_RANGE_LOOP_ANALYSIS = YES;
				CLANG_WARN_STRICT_PROTOTYPES = YES;
				CLANG_WARN_SUSPICIOUS_MOVE = YES;
				CLANG_WARN_UNGUARDED_AVAILABILITY = YES_AGGRESSIVE;
				CLANG_WARN_UNREACHABLE_CODE = YES;
				CLANG_WARN__DUPLICATE_METHOD_MATCH = YES;
				COPY_PHASE_STRIP = NO;
				DEBUG_INFORMATION_FORMAT = dwarf;
				ENABLE_STRICT_OBJC_MSGSEND = YES;
				ENABLE_TESTABILITY = YES;
				GCC_C_LANGUAGE_STANDARD = gnu11;
				GCC_DYNAMIC_NO_PIC = NO;
				GCC_NO_COMMON_BLOCKS = YES;
				GCC_OPTIMIZATION_LEVEL = 0;
				GCC_PREPROCESSOR_DEFINITIONS = (
					"DEBUG=1",
					"$(inherited)",
				);
				GCC_WARN_64_TO_32_BIT_CONVERSION = YES;
				GCC_WARN_ABOUT_RETURN_TYPE = YES_ERROR;
				GCC_WARN_UNDECLARED_SELECTOR = YES;
				GCC_WARN_UNINITIALIZED_AUTOS = YES_AGGRESSIVE;
				GCC_WARN_UNUSED_FUNCTION = YES;
				GCC_WARN_UNUSED_VARIABLE = YES;
				IPHONEOS_DEPLOYMENT_TARGET = 16.4;
				MTL_ENABLE_DEBUG_INFO = INCLUDE_SOURCE;
				MTL_FAST_MATH = YES;
				ONLY_ACTIVE_ARCH = YES;
				SDKROOT = iphoneos;
				SWIFT_ACTIVE_COMPILATION_CONDITIONS = DEBUG;
				SWIFT_OPTIMIZATION_LEVEL = "-Onone";
			};
			name = Debug;
		};
		FFCEA73E2BBE0B0200FF31E4 /* Release */ = {
			isa = XCBuildConfiguration;
			buildSettings = {
				ALWAYS_SEARCH_USER_PATHS = NO;
				CLANG_ANALYZER_NONNULL = YES;
				CLANG_ANALYZER_NUMBER_OBJECT_CONVERSION = YES_AGGRESSIVE;
				CLANG_CXX_LANGUAGE_STANDARD = "gnu++20";
				CLANG_ENABLE_MODULES = YES;
				CLANG_ENABLE_OBJC_ARC = YES;
				CLANG_ENABLE_OBJC_WEAK = YES;
				CLANG_WARN_BLOCK_CAPTURE_AUTORELEASING = YES;
				CLANG_WARN_BOOL_CONVERSION = YES;
				CLANG_WARN_COMMA = YES;
				CLANG_WARN_CONSTANT_CONVERSION = YES;
				CLANG_WARN_DEPRECATED_OBJC_IMPLEMENTATIONS = YES;
				CLANG_WARN_DIRECT_OBJC_ISA_USAGE = YES_ERROR;
				CLANG_WARN_DOCUMENTATION_COMMENTS = YES;
				CLANG_WARN_EMPTY_BODY = YES;
				CLANG_WARN_ENUM_CONVERSION = YES;
				CLANG_WARN_INFINITE_RECURSION = YES;
				CLANG_WARN_INT_CONVERSION = YES;
				CLANG_WARN_NON_LITERAL_NULL_CONVERSION = YES;
				CLANG_WARN_OBJC_IMPLICIT_RETAIN_SELF = YES;
				CLANG_WARN_OBJC_LITERAL_CONVERSION = YES;
				CLANG_WARN_OBJC_ROOT_CLASS = YES_ERROR;
				CLANG_WARN_QUOTED_INCLUDE_IN_FRAMEWORK_HEADER = YES;
				CLANG_WARN_RANGE_LOOP_ANALYSIS = YES;
				CLANG_WARN_STRICT_PROTOTYPES = YES;
				CLANG_WARN_SUSPICIOUS_MOVE = YES;
				CLANG_WARN_UNGUARDED_AVAILABILITY = YES_AGGRESSIVE;
				CLANG_WARN_UNREACHABLE_CODE = YES;
				CLANG_WARN__DUPLICATE_METHOD_MATCH = YES;
				COPY_PHASE_STRIP = NO;
				DEBUG_INFORMATION_FORMAT = "dwarf-with-dsym";
				ENABLE_NS_ASSERTIONS = NO;
				ENABLE_STRICT_OBJC_MSGSEND = YES;
				GCC_C_LANGUAGE_STANDARD = gnu11;
				GCC_NO_COMMON_BLOCKS = YES;
				GCC_WARN_64_TO_32_BIT_CONVERSION = YES;
				GCC_WARN_ABOUT_RETURN_TYPE = YES_ERROR;
				GCC_WARN_UNDECLARED_SELECTOR = YES;
				GCC_WARN_UNINITIALIZED_AUTOS = YES_AGGRESSIVE;
				GCC_WARN_UNUSED_FUNCTION = YES;
				GCC_WARN_UNUSED_VARIABLE = YES;
				IPHONEOS_DEPLOYMENT_TARGET = 16.4;
				MTL_ENABLE_DEBUG_INFO = NO;
				MTL_FAST_MATH = YES;
				SDKROOT = iphoneos;
				SWIFT_COMPILATION_MODE = wholemodule;
				SWIFT_OPTIMIZATION_LEVEL = "-O";
				VALIDATE_PRODUCT = YES;
			};
			name = Release;
		};
		FFCEA7402BBE0B0200FF31E4 /* Debug */ = {
			isa = XCBuildConfiguration;
			buildSettings = {
				ASSETCATALOG_COMPILER_APPICON_NAME = AppIcon;
				ASSETCATALOG_COMPILER_GLOBAL_ACCENT_COLOR_NAME = AccentColor;
				CODE_SIGN_STYLE = Automatic;
				CURRENT_PROJECT_VERSION = 1;
				DEVELOPMENT_ASSET_PATHS = "\"MRAFC/Preview Content\"";
				DEVELOPMENT_TEAM = DULZJQ875N;
				ENABLE_PREVIEWS = YES;
				GENERATE_INFOPLIST_FILE = YES;
				INFOPLIST_KEY_UIApplicationSceneManifest_Generation = YES;
				INFOPLIST_KEY_UIApplicationSupportsIndirectInputEvents = YES;
				INFOPLIST_KEY_UILaunchScreen_Generation = YES;
				INFOPLIST_KEY_UISupportedInterfaceOrientations_iPad = "UIInterfaceOrientationPortrait UIInterfaceOrientationPortraitUpsideDown UIInterfaceOrientationLandscapeLeft UIInterfaceOrientationLandscapeRight";
				INFOPLIST_KEY_UISupportedInterfaceOrientations_iPhone = "UIInterfaceOrientationPortrait UIInterfaceOrientationLandscapeLeft UIInterfaceOrientationLandscapeRight";
				LD_RUNPATH_SEARCH_PATHS = (
					"$(inherited)",
					"@executable_path/Frameworks",
				);
				MARKETING_VERSION = 1.0;
				PRODUCT_BUNDLE_IDENTIFIER = com.amyking.MRAFC;
				PRODUCT_NAME = "$(TARGET_NAME)";
				SWIFT_EMIT_LOC_STRINGS = YES;
				SWIFT_VERSION = 5.0;
				TARGETED_DEVICE_FAMILY = "1,2";
			};
			name = Debug;
		};
		FFCEA7412BBE0B0200FF31E4 /* Release */ = {
			isa = XCBuildConfiguration;
			buildSettings = {
				ASSETCATALOG_COMPILER_APPICON_NAME = AppIcon;
				ASSETCATALOG_COMPILER_GLOBAL_ACCENT_COLOR_NAME = AccentColor;
				CODE_SIGN_STYLE = Automatic;
				CURRENT_PROJECT_VERSION = 1;
				DEVELOPMENT_ASSET_PATHS = "\"MRAFC/Preview Content\"";
				DEVELOPMENT_TEAM = DULZJQ875N;
				ENABLE_PREVIEWS = YES;
				GENERATE_INFOPLIST_FILE = YES;
				INFOPLIST_KEY_UIApplicationSceneManifest_Generation = YES;
				INFOPLIST_KEY_UIApplicationSupportsIndirectInputEvents = YES;
				INFOPLIST_KEY_UILaunchScreen_Generation = YES;
				INFOPLIST_KEY_UISupportedInterfaceOrientations_iPad = "UIInterfaceOrientationPortrait UIInterfaceOrientationPortraitUpsideDown UIInterfaceOrientationLandscapeLeft UIInterfaceOrientationLandscapeRight";
				INFOPLIST_KEY_UISupportedInterfaceOrientations_iPhone = "UIInterfaceOrientationPortrait UIInterfaceOrientationLandscapeLeft UIInterfaceOrientationLandscapeRight";
				LD_RUNPATH_SEARCH_PATHS = (
					"$(inherited)",
					"@executable_path/Frameworks",
				);
				MARKETING_VERSION = 1.0;
				PRODUCT_BUNDLE_IDENTIFIER = com.amyking.MRAFC;
				PRODUCT_NAME = "$(TARGET_NAME)";
				SWIFT_EMIT_LOC_STRINGS = YES;
				SWIFT_VERSION = 5.0;
				TARGETED_DEVICE_FAMILY = "1,2";
			};
			name = Release;
		};
/* End XCBuildConfiguration section */

/* Begin XCConfigurationList section */
		FFCEA72C2BBE0B0100FF31E4 /* Build configuration list for PBXProject "MRAFC" */ = {
			isa = XCConfigurationList;
			buildConfigurations = (
				FFCEA73D2BBE0B0200FF31E4 /* Debug */,
				FFCEA73E2BBE0B0200FF31E4 /* Release */,
			);
			defaultConfigurationIsVisible = 0;
			defaultConfigurationName = Release;
		};
		FFCEA73F2BBE0B0200FF31E4 /* Build configuration list for PBXNativeTarget "MRAFC" */ = {
			isa = XCConfigurationList;
			buildConfigurations = (
				FFCEA7402BBE0B0200FF31E4 /* Debug */,
				FFCEA7412BBE0B0200FF31E4 /* Release */,
			);
			defaultConfigurationIsVisible = 0;
			defaultConfigurationName = Release;
		};
/* End XCConfigurationList section */
	};
	rootObject = FFCEA7292BBE0B0100FF31E4 /* Project object */;
}
